
Microsoft Visual Studio Solution File, Format Version 12.00
# Visual Studio Version 17
VisualStudioVersion = 17.5.33424.131
MinimumVisualStudioVersion = 10.0.40219.1
Project("{9A19103F-16F7-4668-BE54-9A1E7A4F7556}") = "Dipole.Data", "..\Data\Dipole.Data.csproj", "{D5E54C60-341E-4AD6-A3BD-BBE9F880A55E}"
EndProject
Project("{9A19103F-16F7-4668-BE54-9A1E7A4F7556}") = "Dipole.Model", "..\Model\Dipole.Model.csproj", "{27F68587-552E-4A5C-AFF9-EE3D3EF1D3BC}"
EndProject
Project("{9A19103F-16F7-4668-BE54-9A1E7A4F7556}") = "DipoleBank", "..\DipoleBank\DipoleBank.csproj", "{A112AFCF-BA75-455F-A8FF-1A869BFA44AC}"
EndProject
Global
	GlobalSection(SolutionConfigurationPlatforms) = preSolution
		Debug|Any CPU = Debug|Any CPU
		Release|Any CPU = Release|Any CPU
	EndGlobalSection
	GlobalSection(ProjectConfigurationPlatforms) = postSolution
		{D5E54C60-341E-4AD6-A3BD-BBE9F880A55E}.Debug|Any CPU.ActiveCfg = Debug|Any CPU
		{D5E54C60-341E-4AD6-A3BD-BBE9F880A55E}.Debug|Any CPU.Build.0 = Debug|Any CPU
		{D5E54C60-341E-4AD6-A3BD-BBE9F880A55E}.Release|Any CPU.ActiveCfg = Release|Any CPU
		{D5E54C60-341E-4AD6-A3BD-BBE9F880A55E}.Release|Any CPU.Build.0 = Release|Any CPU
		{27F68587-552E-4A5C-AFF9-EE3D3EF1D3BC}.Debug|Any CPU.ActiveCfg = Debug|Any CPU
		{27F68587-552E-4A5C-AFF9-EE3D3EF1D3BC}.Debug|Any CPU.Build.0 = Debug|Any CPU
		{27F68587-552E-4A5C-AFF9-EE3D3EF1D3BC}.Release|Any CPU.ActiveCfg = Release|Any CPU
		{27F68587-552E-4A5C-AFF9-EE3D3EF1D3BC}.Release|Any CPU.Build.0 = Release|Any CPU
		{A112AFCF-BA75-455F-A8FF-1A869BFA44AC}.Debug|Any CPU.ActiveCfg = Debug|Any CPU
		{A112AFCF-BA75-455F-A8FF-1A869BFA44AC}.Debug|Any CPU.Build.0 = Debug|Any CPU
		{A112AFCF-BA75-455F-A8FF-1A869BFA44AC}.Release|Any CPU.ActiveCfg = Release|Any CPU
		{A112AFCF-BA75-455F-A8FF-1A869BFA44AC}.Release|Any CPU.Build.0 = Release|Any CPU
	EndGlobalSection
	GlobalSection(SolutionProperties) = preSolution
		HideSolutionNode = FALSE
	EndGlobalSection
	GlobalSection(ExtensibilityGlobals) = postSolution
		SolutionGuid = {47B495BF-2762-4007-B9B4-448EA061128E}
	EndGlobalSection
EndGlobal
